// !$*UTF8*$!
{
	archiveVersion = 1;
	classes = {
	};
	objectVersion = 50;
	objects = {

/* Begin PBXBuildFile section */
		254DA6E320FB2DEA007EB9B6 /* HomeDatasourceController.swift in Sources */ = {isa = PBXBuildFile; fileRef = 254DA6E220FB2DEA007EB9B6 /* HomeDatasourceController.swift */; };
		254DA6E820FB3218007EB9B6 /* Cells.swift in Sources */ = {isa = PBXBuildFile; fileRef = 254DA6E720FB3218007EB9B6 /* Cells.swift */; };
		254DA6EA20FB3239007EB9B6 /* HomeDatasource.swift in Sources */ = {isa = PBXBuildFile; fileRef = 254DA6E920FB3239007EB9B6 /* HomeDatasource.swift */; };
		25FD040F20F9D96300CFC95A /* AppDelegate.swift in Sources */ = {isa = PBXBuildFile; fileRef = 25FD040E20F9D96300CFC95A /* AppDelegate.swift */; };
		25FD041620F9D96600CFC95A /* Assets.xcassets in Resources */ = {isa = PBXBuildFile; fileRef = 25FD041520F9D96600CFC95A /* Assets.xcassets */; };
		25FD041920F9D96600CFC95A /* LaunchScreen.storyboard in Resources */ = {isa = PBXBuildFile; fileRef = 25FD041720F9D96600CFC95A /* LaunchScreen.storyboard */; };
		25FD042120F9DA3900CFC95A /* HomeController.swift in Sources */ = {isa = PBXBuildFile; fileRef = 25FD042020F9DA3900CFC95A /* HomeController.swift */; };
		3BA5E0FC617C0248C863F695 /* Pods_TwitterRebuild.framework in Frameworks */ = {isa = PBXBuildFile; fileRef = 21CA378A65EE46BC7AD45D1D /* Pods_TwitterRebuild.framework */; };
/* End PBXBuildFile section */

/* Begin PBXFileReference section */
		21CA378A65EE46BC7AD45D1D /* Pods_TwitterRebuild.framework */ = {isa = PBXFileReference; explicitFileType = wrapper.framework; includeInIndex = 0; path = Pods_TwitterRebuild.framework; sourceTree = BUILT_PRODUCTS_DIR; };
		254DA6E220FB2DEA007EB9B6 /* HomeDatasourceController.swift */ = {isa = PBXFileReference; lastKnownFileType = sourcecode.swift; path = HomeDatasourceController.swift; sourceTree = "<group>"; };
		254DA6E720FB3218007EB9B6 /* Cells.swift */ = {isa = PBXFileReference; lastKnownFileType = sourcecode.swift; path = Cells.swift; sourceTree = "<group>"; };
		254DA6E920FB3239007EB9B6 /* HomeDatasource.swift */ = {isa = PBXFileReference; lastKnownFileType = sourcecode.swift; path = HomeDatasource.swift; sourceTree = "<group>"; };
		25FD040B20F9D96300CFC95A /* TwitterRebuild.app */ = {isa = PBXFileReference; explicitFileType = wrapper.application; includeInIndex = 0; path = TwitterRebuild.app; sourceTree = BUILT_PRODUCTS_DIR; };
		25FD040E20F9D96300CFC95A /* AppDelegate.swift */ = {isa = PBXFileReference; lastKnownFileType = sourcecode.swift; path = AppDelegate.swift; sourceTree = "<group>"; };
		25FD041520F9D96600CFC95A /* Assets.xcassets */ = {isa = PBXFileReference; lastKnownFileType = folder.assetcatalog; path = Assets.xcassets; sourceTree = "<group>"; };
		25FD041820F9D96600CFC95A /* Base */ = {isa = PBXFileReference; lastKnownFileType = file.storyboard; name = Base; path = Base.lproj/LaunchScreen.storyboard; sourceTree = "<group>"; };
		25FD041A20F9D96600CFC95A /* Info.plist */ = {isa = PBXFileReference; lastKnownFileType = text.plist.xml; path = Info.plist; sourceTree = "<group>"; };
		25FD042020F9DA3900CFC95A /* HomeController.swift */ = {isa = PBXFileReference; lastKnownFileType = sourcecode.swift; path = HomeController.swift; sourceTree = "<group>"; };
		56593FDB26FD98F1AF5F13D0 /* Pods-TwitterRebuild.release.xcconfig */ = {isa = PBXFileReference; includeInIndex = 1; lastKnownFileType = text.xcconfig; name = "Pods-TwitterRebuild.release.xcconfig"; path = "Pods/Target Support Files/Pods-TwitterRebuild/Pods-TwitterRebuild.release.xcconfig"; sourceTree = "<group>"; };
		C294B37A017376F2496819C9 /* Pods-TwitterRebuild.debug.xcconfig */ = {isa = PBXFileReference; includeInIndex = 1; lastKnownFileType = text.xcconfig; name = "Pods-TwitterRebuild.debug.xcconfig"; path = "Pods/Target Support Files/Pods-TwitterRebuild/Pods-TwitterRebuild.debug.xcconfig"; sourceTree = "<group>"; };
/* End PBXFileReference section */

/* Begin PBXFrameworksBuildPhase section */
		25FD040820F9D96300CFC95A /* Frameworks */ = {
			isa = PBXFrameworksBuildPhase;
			buildActionMask = 2147483647;
			files = (
				3BA5E0FC617C0248C863F695 /* Pods_TwitterRebuild.framework in Frameworks */,
			);
			runOnlyForDeploymentPostprocessing = 0;
		};
/* End PBXFrameworksBuildPhase section */

/* Begin PBXGroup section */
		254DA6E420FB31EF007EB9B6 /* Controller */ = {
			isa = PBXGroup;
			children = (
				254DA6E220FB2DEA007EB9B6 /* HomeDatasourceController.swift */,
			);
			path = Controller;
			sourceTree = "<group>";
		};
		254DA6E520FB31F7007EB9B6 /* Model */ = {
			isa = PBXGroup;
			children = (
				254DA6E920FB3239007EB9B6 /* HomeDatasource.swift */,
			);
			path = Model;
			sourceTree = "<group>";
		};
		254DA6E620FB31FB007EB9B6 /* View */ = {
			isa = PBXGroup;
			children = (
				254DA6E720FB3218007EB9B6 /* Cells.swift */,
			);
			path = View;
			sourceTree = "<group>";
		};
		25FD040220F9D96300CFC95A = {
			isa = PBXGroup;
			children = (
				25FD040D20F9D96300CFC95A /* TwitterRebuild */,
				25FD040C20F9D96300CFC95A /* Products */,
				30E1ADA0C64CA79834B9CB20 /* Pods */,
				7329B942D37A831EB1473A7D /* Frameworks */,
			);
			sourceTree = "<group>";
		};
		25FD040C20F9D96300CFC95A /* Products */ = {
			isa = PBXGroup;
			children = (
				25FD040B20F9D96300CFC95A /* TwitterRebuild.app */,
			);
			name = Products;
			sourceTree = "<group>";
		};
		25FD040D20F9D96300CFC95A /* TwitterRebuild */ = {
			isa = PBXGroup;
			children = (
				254DA6E620FB31FB007EB9B6 /* View */,
				254DA6E520FB31F7007EB9B6 /* Model */,
				254DA6E420FB31EF007EB9B6 /* Controller */,
				25FD040E20F9D96300CFC95A /* AppDelegate.swift */,
				25FD042020F9DA3900CFC95A /* HomeController.swift */,
				25FD041520F9D96600CFC95A /* Assets.xcassets */,
				25FD041720F9D96600CFC95A /* LaunchScreen.storyboard */,
				25FD041A20F9D96600CFC95A /* Info.plist */,
			);
			path = TwitterRebuild;
			sourceTree = "<group>";
		};
		30E1ADA0C64CA79834B9CB20 /* Pods */ = {
			isa = PBXGroup;
			children = (
				C294B37A017376F2496819C9 /* Pods-TwitterRebuild.debug.xcconfig */,
				56593FDB26FD98F1AF5F13D0 /* Pods-TwitterRebuild.release.xcconfig */,
			);
			name = Pods;
			sourceTree = "<group>";
		};
		7329B942D37A831EB1473A7D /* Frameworks */ = {
			isa = PBXGroup;
			children = (
				21CA378A65EE46BC7AD45D1D /* Pods_TwitterRebuild.framework */,
			);
			name = Frameworks;
			sourceTree = "<group>";
		};
/* End PBXGroup section */

/* Begin PBXNativeTarget section */
		25FD040A20F9D96300CFC95A /* TwitterRebuild */ = {
			isa = PBXNativeTarget;
			buildConfigurationList = 25FD041D20F9D96600CFC95A /* Build configuration list for PBXNativeTarget "TwitterRebuild" */;
			buildPhases = (
				7BA87284D32B047CBFA4C2C5 /* [CP] Check Pods Manifest.lock */,
				25FD040720F9D96300CFC95A /* Sources */,
				25FD040820F9D96300CFC95A /* Frameworks */,
				25FD040920F9D96300CFC95A /* Resources */,
				A19831CE3AF38F5838AA31FF /* [CP] Embed Pods Frameworks */,
			);
			buildRules = (
			);
			dependencies = (
			);
			name = TwitterRebuild;
			productName = TwitterRebuild;
			productReference = 25FD040B20F9D96300CFC95A /* TwitterRebuild.app */;
			productType = "com.apple.product-type.application";
		};
/* End PBXNativeTarget section */

/* Begin PBXProject section */
		25FD040320F9D96300CFC95A /* Project object */ = {
			isa = PBXProject;
			attributes = {
				LastSwiftUpdateCheck = 0940;
				LastUpgradeCheck = 0940;
				ORGANIZATIONNAME = RickYip;
				TargetAttributes = {
					25FD040A20F9D96300CFC95A = {
						CreatedOnToolsVersion = 9.4.1;
					};
				};
			};
			buildConfigurationList = 25FD040620F9D96300CFC95A /* Build configuration list for PBXProject "TwitterRebuild" */;
			compatibilityVersion = "Xcode 9.3";
			developmentRegion = en;
			hasScannedForEncodings = 0;
			knownRegions = (
				en,
				Base,
			);
			mainGroup = 25FD040220F9D96300CFC95A;
			productRefGroup = 25FD040C20F9D96300CFC95A /* Products */;
			projectDirPath = "";
			projectRoot = "";
			targets = (
				25FD040A20F9D96300CFC95A /* TwitterRebuild */,
			);
		};
/* End PBXProject section */

/* Begin PBXResourcesBuildPhase section */
		25FD040920F9D96300CFC95A /* Resources */ = {
			isa = PBXResourcesBuildPhase;
			buildActionMask = 2147483647;
			files = (
				25FD041920F9D96600CFC95A /* LaunchScreen.storyboard in Resources */,
				25FD041620F9D96600CFC95A /* Assets.xcassets in Resources */,
			);
			runOnlyForDeploymentPostprocessing = 0;
		};
/* End PBXResourcesBuildPhase section */

/* Begin PBXShellScriptBuildPhase section */
		7BA87284D32B047CBFA4C2C5 /* [CP] Check Pods Manifest.lock */ = {
			isa = PBXShellScriptBuildPhase;
			buildActionMask = 2147483647;
			files = (
			);
			inputPaths = (
				"${PODS_PODFILE_DIR_PATH}/Podfile.lock",
				"${PODS_ROOT}/Manifest.lock",
			);
			name = "[CP] Check Pods Manifest.lock";
			outputPaths = (
				"$(DERIVED_FILE_DIR)/Pods-TwitterRebuild-checkManifestLockResult.txt",
			);
			runOnlyForDeploymentPostprocessing = 0;
			shellPath = /bin/sh;
			shellScript = "diff \"${PODS_PODFILE_DIR_PATH}/Podfile.lock\" \"${PODS_ROOT}/Manifest.lock\" > /dev/null\nif [ $? != 0 ] ; then\n    # print error to STDERR\n    echo \"error: The sandbox is not in sync with the Podfile.lock. Run 'pod install' or update your CocoaPods installation.\" >&2\n    exit 1\nfi\n# This output is used by Xcode 'outputs' to avoid re-running this script phase.\necho \"SUCCESS\" > \"${SCRIPT_OUTPUT_FILE_0}\"\n";
			showEnvVarsInLog = 0;
		};
		A19831CE3AF38F5838AA31FF /* [CP] Embed Pods Frameworks */ = {
			isa = PBXShellScriptBuildPhase;
			buildActionMask = 2147483647;
			files = (
			);
			inputPaths = (
				"${SRCROOT}/Pods/Target Support Files/Pods-TwitterRebuild/Pods-TwitterRebuild-frameworks.sh",
				"${BUILT_PRODUCTS_DIR}/LBTAComponents/LBTAComponents.framework",
			);
			name = "[CP] Embed Pods Frameworks";
			outputPaths = (
				"${TARGET_BUILD_DIR}/${FRAMEWORKS_FOLDER_PATH}/LBTAComponents.framework",
			);
			runOnlyForDeploymentPostprocessing = 0;
			shellPath = /bin/sh;
			shellScript = "\"${SRCROOT}/Pods/Target Support Files/Pods-TwitterRebuild/Pods-TwitterRebuild-frameworks.sh\"\n";
			showEnvVarsInLog = 0;
		};
/* End PBXShellScriptBuildPhase section */

/* Begin PBXSourcesBuildPhase section */
		25FD040720F9D96300CFC95A /* Sources */ = {
			isa = PBXSourcesBuildPhase;
			buildActionMask = 2147483647;
			files = (
				254DA6EA20FB3239007EB9B6 /* HomeDatasource.swift in Sources */,
				25FD040F20F9D96300CFC95A /* AppDelegate.swift in Sources */,
				254DA6E820FB3218007EB9B6 /* Cells.swift in Sources */,
				254DA6E320FB2DEA007EB9B6 /* HomeDatasourceController.swift in Sources */,
				25FD042120F9DA3900CFC95A /* HomeController.swift in Sources */,
			);
			runOnlyForDeploymentPostprocessing = 0;
		};
/* End PBXSourcesBuildPhase section */

/* Begin PBXVariantGroup section */
		25FD041720F9D96600CFC95A /* LaunchScreen.storyboard */ = {
			isa = PBXVariantGroup;
			children = (
				25FD041820F9D96600CFC95A /* Base */,
			);
			name = LaunchScreen.storyboard;
			sourceTree = "<group>";
		};
/* End PBXVariantGroup section */

/* Begin XCBuildConfiguration section */
		25FD041B20F9D96600CFC95A /* Debug */ = {
			isa = XCBuildConfiguration;
			buildSettings = {
				ALWAYS_SEARCH_USER_PATHS = NO;
				CLANG_ANALYZER_NONNULL = YES;
				CLANG_ANALYZER_NUMBER_OBJECT_CONVERSION = YES_AGGRESSIVE;
				CLANG_CXX_LANGUAGE_STANDARD = "gnu++14";
				CLANG_CXX_LIBRARY = "libc++";
				CLANG_ENABLE_MODULES = YES;
				CLANG_ENABLE_OBJC_ARC = YES;
				CLANG_ENABLE_OBJC_WEAK = YES;
				CLANG_WARN_BLOCK_CAPTURE_AUTORELEASING = YES;
				CLANG_WARN_BOOL_CONVERSION = YES;
				CLANG_WARN_COMMA = YES;
				CLANG_WARN_CONSTANT_CONVERSION = YES;
				CLANG_WARN_DEPRECATED_OBJC_IMPLEMENTATIONS = YES;
				CLANG_WARN_DIRECT_OBJC_ISA_USAGE = YES_ERROR;
				CLANG_WARN_DOCUMENTATION_COMMENTS = YES;
				CLANG_WARN_EMPTY_BODY = YES;
				CLANG_WARN_ENUM_CONVERSION = YES;
				CLANG_WARN_INFINITE_RECURSION = YES;
				CLANG_WARN_INT_CONVERSION = YES;
				CLANG_WARN_NON_LITERAL_NULL_CONVERSION = YES;
				CLANG_WARN_OBJC_IMPLICIT_RETAIN_SELF = YES;
				CLANG_WARN_OBJC_LITERAL_CONVERSION = YES;
				CLANG_WARN_OBJC_ROOT_CLASS = YES_ERROR;
				CLANG_WARN_RANGE_LOOP_ANALYSIS = YES;
				CLANG_WARN_STRICT_PROTOTYPES = YES;
				CLANG_WARN_SUSPICIOUS_MOVE = YES;
				CLANG_WARN_UNGUARDED_AVAILABILITY = YES_AGGRESSIVE;
				CLANG_WARN_UNREACHABLE_CODE = YES;
				CLANG_WARN__DUPLICATE_METHOD_MATCH = YES;
				CODE_SIGN_IDENTITY = "iPhone Developer";
				COPY_PHASE_STRIP = NO;
				DEBUG_INFORMATION_FORMAT = dwarf;
				ENABLE_STRICT_OBJC_MSGSEND = YES;
				ENABLE_TESTABILITY = YES;
				GCC_C_LANGUAGE_STANDARD = gnu11;
				GCC_DYNAMIC_NO_PIC = NO;
				GCC_NO_COMMON_BLOCKS = YES;
				GCC_OPTIMIZATION_LEVEL = 0;
				GCC_PREPROCESSOR_DEFINITIONS = (
					"DEBUG=1",
					"$(inherited)",
				);
				GCC_WARN_64_TO_32_BIT_CONVERSION = YES;
				GCC_WARN_ABOUT_RETURN_TYPE = YES_ERROR;
				GCC_WARN_UNDECLARED_SELECTOR = YES;
				GCC_WARN_UNINITIALIZED_AUTOS = YES_AGGRESSIVE;
				GCC_WARN_UNUSED_FUNCTION = YES;
				GCC_WARN_UNUSED_VARIABLE = YES;
				IPHONEOS_DEPLOYMENT_TARGET = 11.4;
				MTL_ENABLE_DEBUG_INFO = YES;
				ONLY_ACTIVE_ARCH = YES;
				SDKROOT = iphoneos;
				SWIFT_ACTIVE_COMPILATION_CONDITIONS = DEBUG;
				SWIFT_OPTIMIZATION_LEVEL = "-Onone";
			};
			name = Debug;
		};
		25FD041C20F9D96600CFC95A /* Release */ = {
			isa = XCBuildConfiguration;
			buildSettings = {
				ALWAYS_SEARCH_USER_PATHS = NO;
				CLANG_ANALYZER_NONNULL = YES;
				CLANG_ANALYZER_NUMBER_OBJECT_CONVERSION = YES_AGGRESSIVE;
				CLANG_CXX_LANGUAGE_STANDARD = "gnu++14";
				CLANG_CXX_LIBRARY = "libc++";
				CLANG_ENABLE_MODULES = YES;
				CLANG_ENABLE_OBJC_ARC = YES;
				CLANG_ENABLE_OBJC_WEAK = YES;
				CLANG_WARN_BLOCK_CAPTURE_AUTORELEASING = YES;
				CLANG_WARN_BOOL_CONVERSION = YES;
				CLANG_WARN_COMMA = YES;
				CLANG_WARN_CONSTANT_CONVERSION = YES;
				CLANG_WARN_DEPRECATED_OBJC_IMPLEMENTATIONS = YES;
				CLANG_WARN_DIRECT_OBJC_ISA_USAGE = YES_ERROR;
				CLANG_WARN_DOCUMENTATION_COMMENTS = YES;
				CLANG_WARN_EMPTY_BODY = YES;
				CLANG_WARN_ENUM_CONVERSION = YES;
				CLANG_WARN_INFINITE_RECURSION = YES;
				CLANG_WARN_INT_CONVERSION = YES;
				CLANG_WARN_NON_LITERAL_NULL_CONVERSION = YES;
				CLANG_WARN_OBJC_IMPLICIT_RETAIN_SELF = YES;
				CLANG_WARN_OBJC_LITERAL_CONVERSION = YES;
				CLANG_WARN_OBJC_ROOT_CLASS = YES_ERROR;
				CLANG_WARN_RANGE_LOOP_ANALYSIS = YES;
				CLANG_WARN_STRICT_PROTOTYPES = YES;
				CLANG_WARN_SUSPICIOUS_MOVE = YES;
				CLANG_WARN_UNGUARDED_AVAILABILITY = YES_AGGRESSIVE;
				CLANG_WARN_UNREACHABLE_CODE = YES;
				CLANG_WARN__DUPLICATE_METHOD_MATCH = YES;
				CODE_SIGN_IDENTITY = "iPhone Developer";
				COPY_PHASE_STRIP = NO;
				DEBUG_INFORMATION_FORMAT = "dwarf-with-dsym";
				ENABLE_NS_ASSERTIONS = NO;
				ENABLE_STRICT_OBJC_MSGSEND = YES;
				GCC_C_LANGUAGE_STANDARD = gnu11;
				GCC_NO_COMMON_BLOCKS = YES;
				GCC_WARN_64_TO_32_BIT_CONVERSION = YES;
				GCC_WARN_ABOUT_RETURN_TYPE = YES_ERROR;
				GCC_WARN_UNDECLARED_SELECTOR = YES;
				GCC_WARN_UNINITIALIZED_AUTOS = YES_AGGRESSIVE;
				GCC_WARN_UNUSED_FUNCTION = YES;
				GCC_WARN_UNUSED_VARIABLE = YES;
				IPHONEOS_DEPLOYMENT_TARGET = 11.4;
				MTL_ENABLE_DEBUG_INFO = NO;
				SDKROOT = iphoneos;
				SWIFT_COMPILATION_MODE = wholemodule;
				SWIFT_OPTIMIZATION_LEVEL = "-O";
				VALIDATE_PRODUCT = YES;
			};
			name = Release;
		};
		25FD041E20F9D96600CFC95A /* Debug */ = {
			isa = XCBuildConfiguration;
			baseConfigurationReference = C294B37A017376F2496819C9 /* Pods-TwitterRebuild.debug.xcconfig */;
			buildSettings = {
				ASSETCATALOG_COMPILER_APPICON_NAME = AppIcon;
				CODE_SIGN_STYLE = Automatic;
				DEVELOPMENT_TEAM = P2FT5ZYKGW;
				INFOPLIST_FILE = TwitterRebuild/Info.plist;
				IPHONEOS_DEPLOYMENT_TARGET = 9.3;
				LD_RUNPATH_SEARCH_PATHS = (
					"$(inherited)",
					"@executable_path/Frameworks",
				);
				PRODUCT_BUNDLE_IDENTIFIER = com.yipkaming.TwitterRebuild;
				PRODUCT_NAME = "$(TARGET_NAME)";
				SWIFT_VERSION = 4.0;
				TARGETED_DEVICE_FAMILY = "1,2";
			};
			name = Debug;
		};
		25FD041F20F9D96600CFC95A /* Release */ = {
			isa = XCBuildConfiguration;
			baseConfigurationReference = 56593FDB26FD98F1AF5F13D0 /* Pods-TwitterRebuild.release.xcconfig */;
			buildSettings = {
				ASSETCATALOG_COMPILER_APPICON_NAME = AppIcon;
				CODE_SIGN_STYLE = Automatic;
				DEVELOPMENT_TEAM = P2FT5ZYKGW;
				INFOPLIST_FILE = TwitterRebuild/Info.plist;
				IPHONEOS_DEPLOYMENT_TARGET = 9.3;
				LD_RUNPATH_SEARCH_PATHS = (
					"$(inherited)",
					"@executable_path/Frameworks",
				);
				PRODUCT_BUNDLE_IDENTIFIER = com.yipkaming.TwitterRebuild;
				PRODUCT_NAME = "$(TARGET_NAME)";
				SWIFT_VERSION = 4.0;
				TARGETED_DEVICE_FAMILY = "1,2";
			};
			name = Release;
		};
/* End XCBuildConfiguration section */

/* Begin XCConfigurationList section */
		25FD040620F9D96300CFC95A /* Build configuration list for PBXProject "TwitterRebuild" */ = {
			isa = XCConfigurationList;
			buildConfigurations = (
				25FD041B20F9D96600CFC95A /* Debug */,
				25FD041C20F9D96600CFC95A /* Release */,
			);
			defaultConfigurationIsVisible = 0;
			defaultConfigurationName = Release;
		};
		25FD041D20F9D96600CFC95A /* Build configuration list for PBXNativeTarget "TwitterRebuild" */ = {
			isa = XCConfigurationList;
			buildConfigurations = (
				25FD041E20F9D96600CFC95A /* Debug */,
				25FD041F20F9D96600CFC95A /* Release */,
			);
			defaultConfigurationIsVisible = 0;
			defaultConfigurationName = Release;
		};
/* End XCConfigurationList section */
	};
	rootObject = 25FD040320F9D96300CFC95A /* Project object */;
}
